PODS:
  - AFNetworking (3.1.0):
    - AFNetworking/NSURLSession (= 3.1.0)
    - AFNetworking/Reachability (= 3.1.0)
    - AFNetworking/Security (= 3.1.0)
    - AFNetworking/Serialization (= 3.1.0)
    - AFNetworking/UIKit (= 3.1.0)
  - AFNetworking/NSURLSession (3.1.0):
    - AFNetworking/Reachability
    - AFNetworking/Security
    - AFNetworking/Serialization
  - AFNetworking/Reachability (3.1.0)
  - AFNetworking/Security (3.1.0)
  - AFNetworking/Serialization (3.1.0)
  - AFNetworking/UIKit (3.1.0):
    - AFNetworking/NSURLSession
  - CTAssetsPickerController (3.3.2-alpha):
    - PureLayout (~> 3.0.0)
  - DACircularProgress (2.3.1)
  - EaseMobSDK (2.2.7)
  - FMDB (2.6.2):
    - FMDB/standard (= 2.6.2)
  - FMDB/standard (2.6.2)
  - Masonry (1.0.2)
  - MJExtension (3.0.13)
  - MJRefresh (3.1.12)
  - PureLayout (3.0.2)
  - SDWebImage (3.8.1):
    - SDWebImage/Core (= 3.8.1)
  - SDWebImage/Core (3.8.1)
  - SVProgressHUD (2.0.3)

DEPENDENCIES:
  - AFNetworking (~> 3.1.0)
  - CTAssetsPickerController (~> 3.3.2-alpha)
  - DACircularProgress (~> 2.3.1)
  - EaseMobSDK (from `https://github.com/easemob/sdk-ios-cocoapods.git`)
  - FMDB (~> 2.6.2)
  - Masonry (~> 1.0.2)
  - MJExtension (~> 3.0.13)
  - MJRefresh (~> 3.1.12)
  - SDWebImage (~> 3.8.1)
  - SVProgressHUD (~> 2.0.3)

EXTERNAL SOURCES:
  EaseMobSDK:
    :git: https://github.com/easemob/sdk-ios-cocoapods.git

CHECKOUT OPTIONS:
  EaseMobSDK:
    :commit: 78b535c1d3711a871acc9f54b0c9bb8be4a018e8
    :git: https://github.com/easemob/sdk-ios-cocoapods.git

SPEC CHECKSUMS:
  AFNetworking: 5e0e199f73d8626b11e79750991f5d173d1f8b67
  CTAssetsPickerController: ef06977de8e0b6d6ff11a324d357a12335a61243
  DACircularProgress: 4dd437c0fc3da5161cb289e07ac449493d41db71
  EaseMobSDK: 418ecf1c2bf02b551b7700efc2fc176567f8600a
  FMDB: 854a0341b4726e53276f2a8996f06f1b80f9259a
  Masonry: 7c429b56da9d4ee0bbb3ed77a5ea710d6a5df39e
  MJExtension: 5932755f451458eefa24239358817f8d291240c7
  MJRefresh: b96cdb21c4aa75a7b07654311ab2f315c497e806
  PureLayout: 4d550abe49a94f24c2808b9b95db9131685fe4cd
  SDWebImage: 35f9627a3e44b4f292a8a8ce6a531fa488239b91
  SVProgressHUD: b0830714205bea1317ea1a2ebc71e5633af334d4

PODFILE CHECKSUM: 1ca4f06485b849367c2f2592007162b77dc56243

COCOAPODS: 1.2.0
